
Microsoft Visual Studio Solution File, Format Version 12.00
# Visual Studio Version 17
VisualStudioVersion = 17.13.35828.75 d17.13
MinimumVisualStudioVersion = 10.0.40219.1
Project("{FAE04EC0-301F-11D3-BF4B-00C04F79EFBC}") = "SauseDemoPage_Testing", "SauseDemoPage_Testing\SauseDemoPage_Testing.csproj", "{9E5A2B31-77CD-4982-88E4-B3E24BC38CF9}"
EndProject
Global
	GlobalSection(SolutionConfigurationPlatforms) = preSolution
		Debug|Any CPU = Debug|Any CPU
		Release|Any CPU = Release|Any CPU
	EndGlobalSection
	GlobalSection(ProjectConfigurationPlatforms) = postSolution
		{9E5A2B31-77CD-4982-88E4-B3E24BC38CF9}.Debug|Any CPU.ActiveCfg = Debug|Any CPU
		{9E5A2B31-77CD-4982-88E4-B3E24BC38CF9}.Debug|Any CPU.Build.0 = Debug|Any CPU
		{9E5A2B31-77CD-4982-88E4-B3E24BC38CF9}.Release|Any CPU.ActiveCfg = Release|Any CPU
		{9E5A2B31-77CD-4982-88E4-B3E24BC38CF9}.Release|Any CPU.Build.0 = Release|Any CPU
	EndGlobalSection
	GlobalSection(SolutionProperties) = preSolution
		HideSolutionNode = FALSE
	EndGlobalSection
	GlobalSection(ExtensibilityGlobals) = postSolution
		SolutionGuid = {7E702265-64B9-486A-BC1F-89BFF4492AA5}
	EndGlobalSection
EndGlobal
